
Microsoft Visual Studio Solution File, Format Version 12.00
# Visual Studio Version 16
VisualStudioVersion = 16.0.31729.503
MinimumVisualStudioVersion = 10.0.40219.1
Project("{8BC9CEB8-8B4A-11D0-8D11-00A0C91BC942}") = "1.1oop", "1.1oop\1.1oop.vcxproj", "{8B0FF46A-F50D-4414-BFCC-42DF8F65093B}"
EndProject
Project("{8BC9CEB8-8B4A-11D0-8D11-00A0C91BC942}") = "UnitTest1", "UnitTest1\UnitTest1.vcxproj", "{4F637443-6C25-44A9-9A0B-60D3B7C0D0CD}"
EndProject
Global
	GlobalSection(SolutionConfigurationPlatforms) = preSolution
		Debug|x64 = Debug|x64
		Debug|x86 = Debug|x86
		Release|x64 = Release|x64
		Release|x86 = Release|x86
	EndGlobalSection
	GlobalSection(ProjectConfigurationPlatforms) = postSolution
		{8B0FF46A-F50D-4414-BFCC-42DF8F65093B}.Debug|x64.ActiveCfg = Debug|x64
		{8B0FF46A-F50D-4414-BFCC-42DF8F65093B}.Debug|x64.Build.0 = Debug|x64
		{8B0FF46A-F50D-4414-BFCC-42DF8F65093B}.Debug|x86.ActiveCfg = Debug|Win32
		{8B0FF46A-F50D-4414-BFCC-42DF8F65093B}.Debug|x86.Build.0 = Debug|Win32
		{8B0FF46A-F50D-4414-BFCC-42DF8F65093B}.Release|x64.ActiveCfg = Release|x64
		{8B0FF46A-F50D-4414-BFCC-42DF8F65093B}.Release|x64.Build.0 = Release|x64
		{8B0FF46A-F50D-4414-BFCC-42DF8F65093B}.Release|x86.ActiveCfg = Release|Win32
		{8B0FF46A-F50D-4414-BFCC-42DF8F65093B}.Release|x86.Build.0 = Release|Win32
		{4F637443-6C25-44A9-9A0B-60D3B7C0D0CD}.Debug|x64.ActiveCfg = Debug|x64
		{4F637443-6C25-44A9-9A0B-60D3B7C0D0CD}.Debug|x64.Build.0 = Debug|x64
		{4F637443-6C25-44A9-9A0B-60D3B7C0D0CD}.Debug|x86.ActiveCfg = Debug|Win32
		{4F637443-6C25-44A9-9A0B-60D3B7C0D0CD}.Debug|x86.Build.0 = Debug|Win32
		{4F637443-6C25-44A9-9A0B-60D3B7C0D0CD}.Release|x64.ActiveCfg = Release|x64
		{4F637443-6C25-44A9-9A0B-60D3B7C0D0CD}.Release|x64.Build.0 = Release|x64
		{4F637443-6C25-44A9-9A0B-60D3B7C0D0CD}.Release|x86.ActiveCfg = Release|Win32
		{4F637443-6C25-44A9-9A0B-60D3B7C0D0CD}.Release|x86.Build.0 = Release|Win32
	EndGlobalSection
	GlobalSection(SolutionProperties) = preSolution
		HideSolutionNode = FALSE
	EndGlobalSection
	GlobalSection(ExtensibilityGlobals) = postSolution
		SolutionGuid = {3BDCCBB0-EBFC-4328-9706-5B4C347B9832}
	EndGlobalSection
EndGlobal
